// !$*UTF8*$!
{
	archiveVersion = 1;
	classes = {
	};
	objectVersion = 52;
	objects = {

/* Begin PBXBuildFile section */
		D12C2481248D6C70009981A0 /* Conversor.swift in Sources */ = {isa = PBXBuildFile; fileRef = D12C2480248D6C70009981A0 /* Conversor.swift */; };
		D41869B924D5CADC006EBF78 /* SimulacionPaso2ViewController.swift in Sources */ = {isa = PBXBuildFile; fileRef = D41869B824D5CADC006EBF78 /* SimulacionPaso2ViewController.swift */; };
		D41869BB24D5CAED006EBF78 /* SimulacionPaso3ViewController.swift in Sources */ = {isa = PBXBuildFile; fileRef = D41869BA24D5CAED006EBF78 /* SimulacionPaso3ViewController.swift */; };
		D41869BD24D5CB35006EBF78 /* SimulacionEstadisticasViewController.swift in Sources */ = {isa = PBXBuildFile; fileRef = D41869BC24D5CB35006EBF78 /* SimulacionEstadisticasViewController.swift */; };
		D41869BF24D5DA46006EBF78 /* SimulacionPaso3AlternativoViewController.swift in Sources */ = {isa = PBXBuildFile; fileRef = D41869BE24D5DA46006EBF78 /* SimulacionPaso3AlternativoViewController.swift */; };
		D44B0A21245E21890069A8B4 /* AppDelegate.swift in Sources */ = {isa = PBXBuildFile; fileRef = D44B0A20245E21890069A8B4 /* AppDelegate.swift */; };
		D44B0A23245E21890069A8B4 /* SceneDelegate.swift in Sources */ = {isa = PBXBuildFile; fileRef = D44B0A22245E21890069A8B4 /* SceneDelegate.swift */; };
		D44B0A25245E21890069A8B4 /* JuegoViewController.swift in Sources */ = {isa = PBXBuildFile; fileRef = D44B0A24245E21890069A8B4 /* JuegoViewController.swift */; };
		D44B0A28245E21890069A8B4 /* Main.storyboard in Resources */ = {isa = PBXBuildFile; fileRef = D44B0A26245E21890069A8B4 /* Main.storyboard */; };
		D44B0A2B245E21890069A8B4 /* RCP_Para_Todos.xcdatamodeld in Sources */ = {isa = PBXBuildFile; fileRef = D44B0A29245E21890069A8B4 /* RCP_Para_Todos.xcdatamodeld */; };
		D44B0A2D245E218A0069A8B4 /* Assets.xcassets in Resources */ = {isa = PBXBuildFile; fileRef = D44B0A2C245E218A0069A8B4 /* Assets.xcassets */; };
		D44B0A30245E218A0069A8B4 /* LaunchScreen.storyboard in Resources */ = {isa = PBXBuildFile; fileRef = D44B0A2E245E218A0069A8B4 /* LaunchScreen.storyboard */; };
		D44B0A39245E285F0069A8B4 /* InicioViewController.swift in Sources */ = {isa = PBXBuildFile; fileRef = D44B0A38245E285F0069A8B4 /* InicioViewController.swift */; };
		D44B0A3B245E287D0069A8B4 /* LoginViewController.swift in Sources */ = {isa = PBXBuildFile; fileRef = D44B0A3A245E287D0069A8B4 /* LoginViewController.swift */; };
		D44CAB5924C38A31006D00FF /* Tutor.storyboard in Resources */ = {isa = PBXBuildFile; fileRef = D44CAB5724C38A31006D00FF /* Tutor.storyboard */; };
		D44CAB5C24C38A49006D00FF /* Practicante.storyboard in Resources */ = {isa = PBXBuildFile; fileRef = D44CAB5A24C38A49006D00FF /* Practicante.storyboard */; };
		D44CAB5F24C38FC3006D00FF /* InicioTutorViewController.swift in Sources */ = {isa = PBXBuildFile; fileRef = D44CAB5E24C38FC3006D00FF /* InicioTutorViewController.swift */; };
		D44CAB6124C396E5006D00FF /* CrearCursoViewController.swift in Sources */ = {isa = PBXBuildFile; fileRef = D44CAB6024C396E5006D00FF /* CrearCursoViewController.swift */; };
		D44CAB6324C3A62F006D00FF /* VerCursosViewController.swift in Sources */ = {isa = PBXBuildFile; fileRef = D44CAB6224C3A62F006D00FF /* VerCursosViewController.swift */; };
		D44CAB6524C3A63C006D00FF /* VerPracticantesViewController.swift in Sources */ = {isa = PBXBuildFile; fileRef = D44CAB6424C3A63C006D00FF /* VerPracticantesViewController.swift */; };
		D44CAB6724C3A648006D00FF /* VerActividadesViewController.swift in Sources */ = {isa = PBXBuildFile; fileRef = D44CAB6624C3A648006D00FF /* VerActividadesViewController.swift */; };
		D44CAB6924C3A654006D00FF /* VerActividadViewController.swift in Sources */ = {isa = PBXBuildFile; fileRef = D44CAB6824C3A654006D00FF /* VerActividadViewController.swift */; };
		D44E41F424CDCED60037D408 /* ServicePracticante.swift in Sources */ = {isa = PBXBuildFile; fileRef = D44E41F324CDCED60037D408 /* ServicePracticante.swift */; };
		D44E41F624CDDA700037D408 /* ServiceCurso.swift in Sources */ = {isa = PBXBuildFile; fileRef = D44E41F524CDDA700037D408 /* ServiceCurso.swift */; };
		D44E41F824CE27EB0037D408 /* ServiceEvento.swift in Sources */ = {isa = PBXBuildFile; fileRef = D44E41F724CE27EB0037D408 /* ServiceEvento.swift */; };
		D44E9365248D72BD002608EA /* Instante.swift in Sources */ = {isa = PBXBuildFile; fileRef = D44E9364248D72BD002608EA /* Instante.swift */; };
		D44E9367248D7FB0002608EA /* EstadisticasViewController.swift in Sources */ = {isa = PBXBuildFile; fileRef = D44E9366248D7FB0002608EA /* EstadisticasViewController.swift */; };
		D451034F24C516C00080EE67 /* Gif.swift in Sources */ = {isa = PBXBuildFile; fileRef = D451034E24C516C00080EE67 /* Gif.swift */; };
		D451035224C5181C0080EE67 /* CompresionManiobra.gif in Resources */ = {isa = PBXBuildFile; fileRef = D451035124C5181C0080EE67 /* CompresionManiobra.gif */; };
		D45267E6249E6902005F7886 /* Aprendizaje.storyboard in Resources */ = {isa = PBXBuildFile; fileRef = D45267E4249E6902005F7886 /* Aprendizaje.storyboard */; };
		D45267EC249E6965005F7886 /* Simulacion.storyboard in Resources */ = {isa = PBXBuildFile; fileRef = D45267EA249E6965005F7886 /* Simulacion.storyboard */; };
		D45267EF249E699C005F7886 /* Juego.storyboard in Resources */ = {isa = PBXBuildFile; fileRef = D45267ED249E699C005F7886 /* Juego.storyboard */; };
		D45267F2249E6F32005F7886 /* AprendizajePaso1ViewController.swift in Sources */ = {isa = PBXBuildFile; fileRef = D45267F1249E6F32005F7886 /* AprendizajePaso1ViewController.swift */; };
		D47530AF249E71A2008CDCB4 /* CustomNavigationViewController.swift in Sources */ = {isa = PBXBuildFile; fileRef = D47530AE249E71A2008CDCB4 /* CustomNavigationViewController.swift */; };
		D47530B1249E7676008CDCB4 /* AprendizajePaso2ViewController.swift in Sources */ = {isa = PBXBuildFile; fileRef = D47530B0249E7676008CDCB4 /* AprendizajePaso2ViewController.swift */; };
		D47530B3249E7690008CDCB4 /* AprendizajePaso3ViewController.swift in Sources */ = {isa = PBXBuildFile; fileRef = D47530B2249E7690008CDCB4 /* AprendizajePaso3ViewController.swift */; };
		D47530B5249E769E008CDCB4 /* AprendizajePaso4ViewController.swift in Sources */ = {isa = PBXBuildFile; fileRef = D47530B4249E769E008CDCB4 /* AprendizajePaso4ViewController.swift */; };
		D47530B7249E76C4008CDCB4 /* AprendizajePaso5ViewController.swift in Sources */ = {isa = PBXBuildFile; fileRef = D47530B6249E76C4008CDCB4 /* AprendizajePaso5ViewController.swift */; };
		D47530B9249E76D2008CDCB4 /* AprendizajePaso6ViewController.swift in Sources */ = {isa = PBXBuildFile; fileRef = D47530B8249E76D2008CDCB4 /* AprendizajePaso6ViewController.swift */; };
		D47530BB249E76EE008CDCB4 /* AprendizajeEstadisticasViewController.swift in Sources */ = {isa = PBXBuildFile; fileRef = D47530BA249E76EE008CDCB4 /* AprendizajeEstadisticasViewController.swift */; };
		D47F17AB24A8DCAC002C02CA /* SimulacionPaso1ViewController.swift in Sources */ = {isa = PBXBuildFile; fileRef = D47F17AA24A8DCAC002C02CA /* SimulacionPaso1ViewController.swift */; };
		D47F17AE24A8E2B9002C02CA /* ServiceUser.swift in Sources */ = {isa = PBXBuildFile; fileRef = D47F17AD24A8E2B9002C02CA /* ServiceUser.swift */; };
		D47F17B024A8E41D002C02CA /* Alamofire.framework in Frameworks */ = {isa = PBXBuildFile; fileRef = D47F17AF24A8E41D002C02CA /* Alamofire.framework */; };
		D47F17B324A8F583002C02CA /* RegistrarNuevoUsuarioViewController.swift in Sources */ = {isa = PBXBuildFile; fileRef = D47F17B224A8F583002C02CA /* RegistrarNuevoUsuarioViewController.swift */; };
		D4AEA91424C5214E00F18491 /* CompresionManiobraAudio.mp3 in Resources */ = {isa = PBXBuildFile; fileRef = D4AEA91324C5214E00F18491 /* CompresionManiobraAudio.mp3 */; };
		D4F2CD8D24CC817800A2FA30 /* InsuflacionManiobra.gif in Resources */ = {isa = PBXBuildFile; fileRef = D4F2CD8C24CC817700A2FA30 /* InsuflacionManiobra.gif */; };
		D4F2CD8F24CC834400A2FA30 /* InsuflacionManiobraAudio.mp3 in Resources */ = {isa = PBXBuildFile; fileRef = D4F2CD8E24CC834400A2FA30 /* InsuflacionManiobraAudio.mp3 */; };
		D4F2CD9124CC838500A2FA30 /* AprendizajePaso7ViewController.swift in Sources */ = {isa = PBXBuildFile; fileRef = D4F2CD9024CC838500A2FA30 /* AprendizajePaso7ViewController.swift */; };
		D4F2CD9424CC91AB00A2FA30 /* Extensions.swift in Sources */ = {isa = PBXBuildFile; fileRef = D4F2CD9324CC91AB00A2FA30 /* Extensions.swift */; };
		D4F2CD9624CC923400A2FA30 /* Constants.swift in Sources */ = {isa = PBXBuildFile; fileRef = D4F2CD9524CC923400A2FA30 /* Constants.swift */; };
		D4F2CD9824CCA6C900A2FA30 /* AprendizajePaso8ViewController.swift in Sources */ = {isa = PBXBuildFile; fileRef = D4F2CD9724CCA6C900A2FA30 /* AprendizajePaso8ViewController.swift */; };
		D4F2CD9A24CCA7E300A2FA30 /* AprendizajeAudio.mp3 in Resources */ = {isa = PBXBuildFile; fileRef = D4F2CD9924CCA7E300A2FA30 /* AprendizajeAudio.mp3 */; };
		EE4467070EDE9C06343097BA /* Pods_RCP_Para_Todos.framework in Frameworks */ = {isa = PBXBuildFile; fileRef = 3DD37F094E1EF567D8E42FC6 /* Pods_RCP_Para_Todos.framework */; };
/* End PBXBuildFile section */

/* Begin PBXFileReference section */
		0084A971782053A09D6B85FA /* Pods-RCP Para Todos.release.xcconfig */ = {isa = PBXFileReference; includeInIndex = 1; lastKnownFileType = text.xcconfig; name = "Pods-RCP Para Todos.release.xcconfig"; path = "Target Support Files/Pods-RCP Para Todos/Pods-RCP Para Todos.release.xcconfig"; sourceTree = "<group>"; };
		260BCCEE3A0B2B35CEC67527 /* Pods-RCP Para Todos.debug.xcconfig */ = {isa = PBXFileReference; includeInIndex = 1; lastKnownFileType = text.xcconfig; name = "Pods-RCP Para Todos.debug.xcconfig"; path = "Target Support Files/Pods-RCP Para Todos/Pods-RCP Para Todos.debug.xcconfig"; sourceTree = "<group>"; };
		3DD37F094E1EF567D8E42FC6 /* Pods_RCP_Para_Todos.framework */ = {isa = PBXFileReference; explicitFileType = wrapper.framework; includeInIndex = 0; path = Pods_RCP_Para_Todos.framework; sourceTree = BUILT_PRODUCTS_DIR; };
		D12C2480248D6C70009981A0 /* Conversor.swift */ = {isa = PBXFileReference; lastKnownFileType = sourcecode.swift; path = Conversor.swift; sourceTree = "<group>"; };
		D41869B824D5CADC006EBF78 /* SimulacionPaso2ViewController.swift */ = {isa = PBXFileReference; lastKnownFileType = sourcecode.swift; path = SimulacionPaso2ViewController.swift; sourceTree = "<group>"; };
		D41869BA24D5CAED006EBF78 /* SimulacionPaso3ViewController.swift */ = {isa = PBXFileReference; lastKnownFileType = sourcecode.swift; path = SimulacionPaso3ViewController.swift; sourceTree = "<group>"; };
		D41869BC24D5CB35006EBF78 /* SimulacionEstadisticasViewController.swift */ = {isa = PBXFileReference; lastKnownFileType = sourcecode.swift; path = SimulacionEstadisticasViewController.swift; sourceTree = "<group>"; };
		D41869BE24D5DA46006EBF78 /* SimulacionPaso3AlternativoViewController.swift */ = {isa = PBXFileReference; lastKnownFileType = sourcecode.swift; path = SimulacionPaso3AlternativoViewController.swift; sourceTree = "<group>"; };
		D44B0A1D245E21890069A8B4 /* RCP Para Todos.app */ = {isa = PBXFileReference; explicitFileType = wrapper.application; includeInIndex = 0; path = "RCP Para Todos.app"; sourceTree = BUILT_PRODUCTS_DIR; };
		D44B0A20245E21890069A8B4 /* AppDelegate.swift */ = {isa = PBXFileReference; lastKnownFileType = sourcecode.swift; path = AppDelegate.swift; sourceTree = "<group>"; };
		D44B0A22245E21890069A8B4 /* SceneDelegate.swift */ = {isa = PBXFileReference; lastKnownFileType = sourcecode.swift; path = SceneDelegate.swift; sourceTree = "<group>"; };
		D44B0A24245E21890069A8B4 /* JuegoViewController.swift */ = {isa = PBXFileReference; lastKnownFileType = sourcecode.swift; path = JuegoViewController.swift; sourceTree = "<group>"; };
		D44B0A27245E21890069A8B4 /* Base */ = {isa = PBXFileReference; lastKnownFileType = file.storyboard; name = Base; path = Base.lproj/Main.storyboard; sourceTree = "<group>"; };
		D44B0A2A245E21890069A8B4 /* RCP_Para_Todos.xcdatamodel */ = {isa = PBXFileReference; lastKnownFileType = wrapper.xcdatamodel; path = RCP_Para_Todos.xcdatamodel; sourceTree = "<group>"; };
		D44B0A2C245E218A0069A8B4 /* Assets.xcassets */ = {isa = PBXFileReference; lastKnownFileType = folder.assetcatalog; path = Assets.xcassets; sourceTree = "<group>"; };
		D44B0A2F245E218A0069A8B4 /* Base */ = {isa = PBXFileReference; lastKnownFileType = file.storyboard; name = Base; path = Base.lproj/LaunchScreen.storyboard; sourceTree = "<group>"; };
		D44B0A31245E218A0069A8B4 /* Info.plist */ = {isa = PBXFileReference; lastKnownFileType = text.plist.xml; path = Info.plist; sourceTree = "<group>"; };
		D44B0A38245E285F0069A8B4 /* InicioViewController.swift */ = {isa = PBXFileReference; lastKnownFileType = sourcecode.swift; path = InicioViewController.swift; sourceTree = "<group>"; };
		D44B0A3A245E287D0069A8B4 /* LoginViewController.swift */ = {isa = PBXFileReference; lastKnownFileType = sourcecode.swift; path = LoginViewController.swift; sourceTree = "<group>"; };
		D44CAB5824C38A31006D00FF /* Base */ = {isa = PBXFileReference; lastKnownFileType = file.storyboard; name = Base; path = Base.lproj/Tutor.storyboard; sourceTree = "<group>"; };
		D44CAB5B24C38A49006D00FF /* Base */ = {isa = PBXFileReference; lastKnownFileType = file.storyboard; name = Base; path = Base.lproj/Practicante.storyboard; sourceTree = "<group>"; };
		D44CAB5E24C38FC3006D00FF /* InicioTutorViewController.swift */ = {isa = PBXFileReference; lastKnownFileType = sourcecode.swift; path = InicioTutorViewController.swift; sourceTree = "<group>"; };
		D44CAB6024C396E5006D00FF /* CrearCursoViewController.swift */ = {isa = PBXFileReference; lastKnownFileType = sourcecode.swift; path = CrearCursoViewController.swift; sourceTree = "<group>"; };
		D44CAB6224C3A62F006D00FF /* VerCursosViewController.swift */ = {isa = PBXFileReference; lastKnownFileType = sourcecode.swift; path = VerCursosViewController.swift; sourceTree = "<group>"; };
		D44CAB6424C3A63C006D00FF /* VerPracticantesViewController.swift */ = {isa = PBXFileReference; lastKnownFileType = sourcecode.swift; path = VerPracticantesViewController.swift; sourceTree = "<group>"; };
		D44CAB6624C3A648006D00FF /* VerActividadesViewController.swift */ = {isa = PBXFileReference; lastKnownFileType = sourcecode.swift; path = VerActividadesViewController.swift; sourceTree = "<group>"; };
		D44CAB6824C3A654006D00FF /* VerActividadViewController.swift */ = {isa = PBXFileReference; lastKnownFileType = sourcecode.swift; path = VerActividadViewController.swift; sourceTree = "<group>"; };
		D44E41F324CDCED60037D408 /* ServicePracticante.swift */ = {isa = PBXFileReference; lastKnownFileType = sourcecode.swift; path = ServicePracticante.swift; sourceTree = "<group>"; };
		D44E41F524CDDA700037D408 /* ServiceCurso.swift */ = {isa = PBXFileReference; lastKnownFileType = sourcecode.swift; path = ServiceCurso.swift; sourceTree = "<group>"; };
		D44E41F724CE27EB0037D408 /* ServiceEvento.swift */ = {isa = PBXFileReference; lastKnownFileType = sourcecode.swift; path = ServiceEvento.swift; sourceTree = "<group>"; };
		D44E9364248D72BD002608EA /* Instante.swift */ = {isa = PBXFileReference; lastKnownFileType = sourcecode.swift; path = Instante.swift; sourceTree = "<group>"; };
		D44E9366248D7FB0002608EA /* EstadisticasViewController.swift */ = {isa = PBXFileReference; lastKnownFileType = sourcecode.swift; path = EstadisticasViewController.swift; sourceTree = "<group>"; };
		D451034E24C516C00080EE67 /* Gif.swift */ = {isa = PBXFileReference; lastKnownFileType = sourcecode.swift; path = Gif.swift; sourceTree = "<group>"; };
		D451035124C5181C0080EE67 /* CompresionManiobra.gif */ = {isa = PBXFileReference; lastKnownFileType = image.gif; path = CompresionManiobra.gif; sourceTree = "<group>"; };
		D45267E5249E6902005F7886 /* Base */ = {isa = PBXFileReference; lastKnownFileType = file.storyboard; name = Base; path = Base.lproj/Aprendizaje.storyboard; sourceTree = "<group>"; };
		D45267EB249E6965005F7886 /* Base */ = {isa = PBXFileReference; lastKnownFileType = file.storyboard; name = Base; path = Base.lproj/Simulacion.storyboard; sourceTree = "<group>"; };
		D45267EE249E699C005F7886 /* Base */ = {isa = PBXFileReference; lastKnownFileType = file.storyboard; name = Base; path = Base.lproj/Juego.storyboard; sourceTree = "<group>"; };
		D45267F1249E6F32005F7886 /* AprendizajePaso1ViewController.swift */ = {isa = PBXFileReference; lastKnownFileType = sourcecode.swift; path = AprendizajePaso1ViewController.swift; sourceTree = "<group>"; };
		D47530AE249E71A2008CDCB4 /* CustomNavigationViewController.swift */ = {isa = PBXFileReference; lastKnownFileType = sourcecode.swift; path = CustomNavigationViewController.swift; sourceTree = "<group>"; };
		D47530B0249E7676008CDCB4 /* AprendizajePaso2ViewController.swift */ = {isa = PBXFileReference; lastKnownFileType = sourcecode.swift; path = AprendizajePaso2ViewController.swift; sourceTree = "<group>"; };
		D47530B2249E7690008CDCB4 /* AprendizajePaso3ViewController.swift */ = {isa = PBXFileReference; lastKnownFileType = sourcecode.swift; path = AprendizajePaso3ViewController.swift; sourceTree = "<group>"; };
		D47530B4249E769E008CDCB4 /* AprendizajePaso4ViewController.swift */ = {isa = PBXFileReference; lastKnownFileType = sourcecode.swift; path = AprendizajePaso4ViewController.swift; sourceTree = "<group>"; };
		D47530B6249E76C4008CDCB4 /* AprendizajePaso5ViewController.swift */ = {isa = PBXFileReference; lastKnownFileType = sourcecode.swift; path = AprendizajePaso5ViewController.swift; sourceTree = "<group>"; };
		D47530B8249E76D2008CDCB4 /* AprendizajePaso6ViewController.swift */ = {isa = PBXFileReference; lastKnownFileType = sourcecode.swift; path = AprendizajePaso6ViewController.swift; sourceTree = "<group>"; };
		D47530BA249E76EE008CDCB4 /* AprendizajeEstadisticasViewController.swift */ = {isa = PBXFileReference; lastKnownFileType = sourcecode.swift; path = AprendizajeEstadisticasViewController.swift; sourceTree = "<group>"; };
		D47F17AA24A8DCAC002C02CA /* SimulacionPaso1ViewController.swift */ = {isa = PBXFileReference; lastKnownFileType = sourcecode.swift; path = SimulacionPaso1ViewController.swift; sourceTree = "<group>"; };
		D47F17AD24A8E2B9002C02CA /* ServiceUser.swift */ = {isa = PBXFileReference; lastKnownFileType = sourcecode.swift; path = ServiceUser.swift; sourceTree = "<group>"; };
		D47F17AF24A8E41D002C02CA /* Alamofire.framework */ = {isa = PBXFileReference; explicitFileType = wrapper.framework; path = Alamofire.framework; sourceTree = BUILT_PRODUCTS_DIR; };
		D47F17B224A8F583002C02CA /* RegistrarNuevoUsuarioViewController.swift */ = {isa = PBXFileReference; lastKnownFileType = sourcecode.swift; path = RegistrarNuevoUsuarioViewController.swift; sourceTree = "<group>"; };
		D4AEA91324C5214E00F18491 /* CompresionManiobraAudio.mp3 */ = {isa = PBXFileReference; lastKnownFileType = audio.mp3; path = CompresionManiobraAudio.mp3; sourceTree = "<group>"; };
		D4F2CD8C24CC817700A2FA30 /* InsuflacionManiobra.gif */ = {isa = PBXFileReference; lastKnownFileType = image.gif; path = InsuflacionManiobra.gif; sourceTree = "<group>"; };
		D4F2CD8E24CC834400A2FA30 /* InsuflacionManiobraAudio.mp3 */ = {isa = PBXFileReference; lastKnownFileType = audio.mp3; path = InsuflacionManiobraAudio.mp3; sourceTree = "<group>"; };
		D4F2CD9024CC838500A2FA30 /* AprendizajePaso7ViewController.swift */ = {isa = PBXFileReference; lastKnownFileType = sourcecode.swift; path = AprendizajePaso7ViewController.swift; sourceTree = "<group>"; };
		D4F2CD9324CC91AB00A2FA30 /* Extensions.swift */ = {isa = PBXFileReference; lastKnownFileType = sourcecode.swift; path = Extensions.swift; sourceTree = "<group>"; };
		D4F2CD9524CC923400A2FA30 /* Constants.swift */ = {isa = PBXFileReference; lastKnownFileType = sourcecode.swift; path = Constants.swift; sourceTree = "<group>"; };
		D4F2CD9724CCA6C900A2FA30 /* AprendizajePaso8ViewController.swift */ = {isa = PBXFileReference; lastKnownFileType = sourcecode.swift; path = AprendizajePaso8ViewController.swift; sourceTree = "<group>"; };
		D4F2CD9924CCA7E300A2FA30 /* AprendizajeAudio.mp3 */ = {isa = PBXFileReference; lastKnownFileType = audio.mp3; path = AprendizajeAudio.mp3; sourceTree = "<group>"; };
/* End PBXFileReference section */

/* Begin PBXFrameworksBuildPhase section */
		D44B0A1A245E21890069A8B4 /* Frameworks */ = {
			isa = PBXFrameworksBuildPhase;
			buildActionMask = 2147483647;
			files = (
				D47F17B024A8E41D002C02CA /* Alamofire.framework in Frameworks */,
				EE4467070EDE9C06343097BA /* Pods_RCP_Para_Todos.framework in Frameworks */,
			);
			runOnlyForDeploymentPostprocessing = 0;
		};
/* End PBXFrameworksBuildPhase section */

/* Begin PBXGroup section */
		0382DAADFDCEB1F91A47ED45 /* Pods */ = {
			isa = PBXGroup;
			children = (
				260BCCEE3A0B2B35CEC67527 /* Pods-RCP Para Todos.debug.xcconfig */,
				0084A971782053A09D6B85FA /* Pods-RCP Para Todos.release.xcconfig */,
			);
			path = Pods;
			sourceTree = "<group>";
		};
		D44B0A14245E21890069A8B4 = {
			isa = PBXGroup;
			children = (
				D44B0A1F245E21890069A8B4 /* RCP Para Todos */,
				D44B0A1E245E21890069A8B4 /* Products */,
				0382DAADFDCEB1F91A47ED45 /* Pods */,
				E73091FB2F1884ACA099897C /* Frameworks */,
			);
			sourceTree = "<group>";
		};
		D44B0A1E245E21890069A8B4 /* Products */ = {
			isa = PBXGroup;
			children = (
				D44B0A1D245E21890069A8B4 /* RCP Para Todos.app */,
			);
			name = Products;
			sourceTree = "<group>";
		};
		D44B0A1F245E21890069A8B4 /* RCP Para Todos */ = {
			isa = PBXGroup;
			children = (
				D44B0A2C245E218A0069A8B4 /* Assets.xcassets */,
				D4F2CD9224CC914300A2FA30 /* Utils */,
				D451035024C518090080EE67 /* Resources */,
				D44CAB5D24C38F75006D00FF /* Tutor */,
				D47F17AC24A8E295002C02CA /* Services */,
				D47F17A924A8DC6E002C02CA /* Simulacion */,
				D45267F0249E6F17005F7886 /* Aprendizaje */,
				D45267E7249E6914005F7886 /* Storyboards */,
				D44B0A37245E280D0069A8B4 /* ViewControllers Iniciales */,
				D44B0A20245E21890069A8B4 /* AppDelegate.swift */,
				D44B0A22245E21890069A8B4 /* SceneDelegate.swift */,
				D44B0A31245E218A0069A8B4 /* Info.plist */,
				D44B0A29245E21890069A8B4 /* RCP_Para_Todos.xcdatamodeld */,
			);
			path = "RCP Para Todos";
			sourceTree = "<group>";
		};
		D44B0A37245E280D0069A8B4 /* ViewControllers Iniciales */ = {
			isa = PBXGroup;
			children = (
				D44B0A24245E21890069A8B4 /* JuegoViewController.swift */,
				D44B0A38245E285F0069A8B4 /* InicioViewController.swift */,
				D44B0A3A245E287D0069A8B4 /* LoginViewController.swift */,
				D44E9366248D7FB0002608EA /* EstadisticasViewController.swift */,
				D47530AE249E71A2008CDCB4 /* CustomNavigationViewController.swift */,
				D47F17B224A8F583002C02CA /* RegistrarNuevoUsuarioViewController.swift */,
			);
			path = "ViewControllers Iniciales";
			sourceTree = "<group>";
		};
		D44CAB5D24C38F75006D00FF /* Tutor */ = {
			isa = PBXGroup;
			children = (
				D44CAB5E24C38FC3006D00FF /* InicioTutorViewController.swift */,
				D44CAB6024C396E5006D00FF /* CrearCursoViewController.swift */,
				D44CAB6224C3A62F006D00FF /* VerCursosViewController.swift */,
				D44CAB6424C3A63C006D00FF /* VerPracticantesViewController.swift */,
				D44CAB6624C3A648006D00FF /* VerActividadesViewController.swift */,
				D44CAB6824C3A654006D00FF /* VerActividadViewController.swift */,
			);
			path = Tutor;
			sourceTree = "<group>";
		};
		D451035024C518090080EE67 /* Resources */ = {
			isa = PBXGroup;
			children = (
				D4F2CD8E24CC834400A2FA30 /* InsuflacionManiobraAudio.mp3 */,
				D4F2CD8C24CC817700A2FA30 /* InsuflacionManiobra.gif */,
				D4AEA91324C5214E00F18491 /* CompresionManiobraAudio.mp3 */,
				D451035124C5181C0080EE67 /* CompresionManiobra.gif */,
				D4F2CD9924CCA7E300A2FA30 /* AprendizajeAudio.mp3 */,
			);
			path = Resources;
			sourceTree = "<group>";
		};
		D45267E7249E6914005F7886 /* Storyboards */ = {
			isa = PBXGroup;
			children = (
				D45267ED249E699C005F7886 /* Juego.storyboard */,
				D45267E4249E6902005F7886 /* Aprendizaje.storyboard */,
				D44B0A2E245E218A0069A8B4 /* LaunchScreen.storyboard */,
				D44B0A26245E21890069A8B4 /* Main.storyboard */,
				D45267EA249E6965005F7886 /* Simulacion.storyboard */,
				D44CAB5724C38A31006D00FF /* Tutor.storyboard */,
				D44CAB5A24C38A49006D00FF /* Practicante.storyboard */,
			);
			name = Storyboards;
			sourceTree = "<group>";
		};
		D45267F0249E6F17005F7886 /* Aprendizaje */ = {
			isa = PBXGroup;
			children = (
				D45267F1249E6F32005F7886 /* AprendizajePaso1ViewController.swift */,
				D47530B0249E7676008CDCB4 /* AprendizajePaso2ViewController.swift */,
				D47530B2249E7690008CDCB4 /* AprendizajePaso3ViewController.swift */,
				D47530B4249E769E008CDCB4 /* AprendizajePaso4ViewController.swift */,
				D47530B6249E76C4008CDCB4 /* AprendizajePaso5ViewController.swift */,
				D47530B8249E76D2008CDCB4 /* AprendizajePaso6ViewController.swift */,
				D4F2CD9024CC838500A2FA30 /* AprendizajePaso7ViewController.swift */,
				D4F2CD9724CCA6C900A2FA30 /* AprendizajePaso8ViewController.swift */,
				D47530BA249E76EE008CDCB4 /* AprendizajeEstadisticasViewController.swift */,
			);
			path = Aprendizaje;
			sourceTree = "<group>";
		};
		D47F17A924A8DC6E002C02CA /* Simulacion */ = {
			isa = PBXGroup;
			children = (
				D47F17AA24A8DCAC002C02CA /* SimulacionPaso1ViewController.swift */,
				D41869B824D5CADC006EBF78 /* SimulacionPaso2ViewController.swift */,
				D41869BA24D5CAED006EBF78 /* SimulacionPaso3ViewController.swift */,
				D41869BC24D5CB35006EBF78 /* SimulacionEstadisticasViewController.swift */,
				D41869BE24D5DA46006EBF78 /* SimulacionPaso3AlternativoViewController.swift */,
			);
			path = Simulacion;
			sourceTree = "<group>";
		};
		D47F17AC24A8E295002C02CA /* Services */ = {
			isa = PBXGroup;
			children = (
				D47F17AD24A8E2B9002C02CA /* ServiceUser.swift */,
				D44E41F324CDCED60037D408 /* ServicePracticante.swift */,
				D44E41F524CDDA700037D408 /* ServiceCurso.swift */,
				D44E41F724CE27EB0037D408 /* ServiceEvento.swift */,
			);
			path = Services;
			sourceTree = "<group>";
		};
		D4F2CD9224CC914300A2FA30 /* Utils */ = {
			isa = PBXGroup;
			children = (
				D12C2480248D6C70009981A0 /* Conversor.swift */,
				D44E9364248D72BD002608EA /* Instante.swift */,
				D451034E24C516C00080EE67 /* Gif.swift */,
				D4F2CD9324CC91AB00A2FA30 /* Extensions.swift */,
				D4F2CD9524CC923400A2FA30 /* Constants.swift */,
			);
			path = Utils;
			sourceTree = "<group>";
		};
		E73091FB2F1884ACA099897C /* Frameworks */ = {
			isa = PBXGroup;
			children = (
				D47F17AF24A8E41D002C02CA /* Alamofire.framework */,
				3DD37F094E1EF567D8E42FC6 /* Pods_RCP_Para_Todos.framework */,
			);
			name = Frameworks;
			sourceTree = "<group>";
		};
/* End PBXGroup section */

/* Begin PBXNativeTarget section */
		D44B0A1C245E21890069A8B4 /* RCP Para Todos */ = {
			isa = PBXNativeTarget;
			buildConfigurationList = D44B0A34245E218A0069A8B4 /* Build configuration list for PBXNativeTarget "RCP Para Todos" */;
			buildPhases = (
				78EDA9316BFD30BB99CDB17A /* [CP] Check Pods Manifest.lock */,
				D44B0A19245E21890069A8B4 /* Sources */,
				D44B0A1A245E21890069A8B4 /* Frameworks */,
				D44B0A1B245E21890069A8B4 /* Resources */,
				E5D8CDE3A5F96427C74EEE6E /* [CP] Embed Pods Frameworks */,
			);
			buildRules = (
			);
			dependencies = (
			);
			name = "RCP Para Todos";
			packageProductDependencies = (
			);
			productName = "RCP Para Todos";
			productReference = D44B0A1D245E21890069A8B4 /* RCP Para Todos.app */;
			productType = "com.apple.product-type.application";
		};
/* End PBXNativeTarget section */

/* Begin PBXProject section */
		D44B0A15245E21890069A8B4 /* Project object */ = {
			isa = PBXProject;
			attributes = {
				LastSwiftUpdateCheck = 1140;
				LastUpgradeCheck = 1140;
				ORGANIZATIONNAME = Reflejo;
				TargetAttributes = {
					D44B0A1C245E21890069A8B4 = {
						CreatedOnToolsVersion = 11.4.1;
					};
				};
			};
			buildConfigurationList = D44B0A18245E21890069A8B4 /* Build configuration list for PBXProject "RCP Para Todos" */;
			compatibilityVersion = "Xcode 9.3";
			developmentRegion = en;
			hasScannedForEncodings = 0;
			knownRegions = (
				en,
				Base,
			);
			mainGroup = D44B0A14245E21890069A8B4;
			packageReferences = (
				D451034B24C516090080EE67 /* XCRemoteSwiftPackageReference "UICircularProgressRing" */,
			);
			productRefGroup = D44B0A1E245E21890069A8B4 /* Products */;
			projectDirPath = "";
			projectRoot = "";
			targets = (
				D44B0A1C245E21890069A8B4 /* RCP Para Todos */,
			);
		};
/* End PBXProject section */

/* Begin PBXResourcesBuildPhase section */
		D44B0A1B245E21890069A8B4 /* Resources */ = {
			isa = PBXResourcesBuildPhase;
			buildActionMask = 2147483647;
			files = (
				D4F2CD8F24CC834400A2FA30 /* InsuflacionManiobraAudio.mp3 in Resources */,
				D451035224C5181C0080EE67 /* CompresionManiobra.gif in Resources */,
				D4AEA91424C5214E00F18491 /* CompresionManiobraAudio.mp3 in Resources */,
				D44B0A30245E218A0069A8B4 /* LaunchScreen.storyboard in Resources */,
				D44CAB5924C38A31006D00FF /* Tutor.storyboard in Resources */,
				D4F2CD8D24CC817800A2FA30 /* InsuflacionManiobra.gif in Resources */,
				D45267EF249E699C005F7886 /* Juego.storyboard in Resources */,
				D44CAB5C24C38A49006D00FF /* Practicante.storyboard in Resources */,
				D44B0A2D245E218A0069A8B4 /* Assets.xcassets in Resources */,
				D4F2CD9A24CCA7E300A2FA30 /* AprendizajeAudio.mp3 in Resources */,
				D45267E6249E6902005F7886 /* Aprendizaje.storyboard in Resources */,
				D45267EC249E6965005F7886 /* Simulacion.storyboard in Resources */,
				D44B0A28245E21890069A8B4 /* Main.storyboard in Resources */,
			);
			runOnlyForDeploymentPostprocessing = 0;
		};
/* End PBXResourcesBuildPhase section */

/* Begin PBXShellScriptBuildPhase section */
		78EDA9316BFD30BB99CDB17A /* [CP] Check Pods Manifest.lock */ = {
			isa = PBXShellScriptBuildPhase;
			buildActionMask = 2147483647;
			files = (
			);
			inputFileListPaths = (
			);
			inputPaths = (
				"${PODS_PODFILE_DIR_PATH}/Podfile.lock",
				"${PODS_ROOT}/Manifest.lock",
			);
			name = "[CP] Check Pods Manifest.lock";
			outputFileListPaths = (
			);
			outputPaths = (
				"$(DERIVED_FILE_DIR)/Pods-RCP Para Todos-checkManifestLockResult.txt",
			);
			runOnlyForDeploymentPostprocessing = 0;
			shellPath = /bin/sh;
			shellScript = "diff \"${PODS_PODFILE_DIR_PATH}/Podfile.lock\" \"${PODS_ROOT}/Manifest.lock\" > /dev/null\nif [ $? != 0 ] ; then\n    # print error to STDERR\n    echo \"error: The sandbox is not in sync with the Podfile.lock. Run 'pod install' or update your CocoaPods installation.\" >&2\n    exit 1\nfi\n# This output is used by Xcode 'outputs' to avoid re-running this script phase.\necho \"SUCCESS\" > \"${SCRIPT_OUTPUT_FILE_0}\"\n";
			showEnvVarsInLog = 0;
		};
		E5D8CDE3A5F96427C74EEE6E /* [CP] Embed Pods Frameworks */ = {
			isa = PBXShellScriptBuildPhase;
			buildActionMask = 2147483647;
			files = (
			);
			inputFileListPaths = (
				"${PODS_ROOT}/Target Support Files/Pods-RCP Para Todos/Pods-RCP Para Todos-frameworks-${CONFIGURATION}-input-files.xcfilelist",
			);
			name = "[CP] Embed Pods Frameworks";
			outputFileListPaths = (
				"${PODS_ROOT}/Target Support Files/Pods-RCP Para Todos/Pods-RCP Para Todos-frameworks-${CONFIGURATION}-output-files.xcfilelist",
			);
			runOnlyForDeploymentPostprocessing = 0;
			shellPath = /bin/sh;
			shellScript = "\"${PODS_ROOT}/Target Support Files/Pods-RCP Para Todos/Pods-RCP Para Todos-frameworks.sh\"\n";
			showEnvVarsInLog = 0;
		};
/* End PBXShellScriptBuildPhase section */

/* Begin PBXSourcesBuildPhase section */
		D44B0A19245E21890069A8B4 /* Sources */ = {
			isa = PBXSourcesBuildPhase;
			buildActionMask = 2147483647;
			files = (
				D41869B924D5CADC006EBF78 /* SimulacionPaso2ViewController.swift in Sources */,
				D44CAB6724C3A648006D00FF /* VerActividadesViewController.swift in Sources */,
				D4F2CD9124CC838500A2FA30 /* AprendizajePaso7ViewController.swift in Sources */,
				D44CAB5F24C38FC3006D00FF /* InicioTutorViewController.swift in Sources */,
				D44CAB6324C3A62F006D00FF /* VerCursosViewController.swift in Sources */,
				D47530AF249E71A2008CDCB4 /* CustomNavigationViewController.swift in Sources */,
				D4F2CD9624CC923400A2FA30 /* Constants.swift in Sources */,
				D12C2481248D6C70009981A0 /* Conversor.swift in Sources */,
				D44B0A25245E21890069A8B4 /* JuegoViewController.swift in Sources */,
				D4F2CD9424CC91AB00A2FA30 /* Extensions.swift in Sources */,
				D47530B7249E76C4008CDCB4 /* AprendizajePaso5ViewController.swift in Sources */,
				D41869BF24D5DA46006EBF78 /* SimulacionPaso3AlternativoViewController.swift in Sources */,
				D47530B9249E76D2008CDCB4 /* AprendizajePaso6ViewController.swift in Sources */,
				D44B0A21245E21890069A8B4 /* AppDelegate.swift in Sources */,
				D44B0A23245E21890069A8B4 /* SceneDelegate.swift in Sources */,
				D451034F24C516C00080EE67 /* Gif.swift in Sources */,
				D47F17AB24A8DCAC002C02CA /* SimulacionPaso1ViewController.swift in Sources */,
				D47530B3249E7690008CDCB4 /* AprendizajePaso3ViewController.swift in Sources */,
				D44E41F824CE27EB0037D408 /* ServiceEvento.swift in Sources */,
				D47530B5249E769E008CDCB4 /* AprendizajePaso4ViewController.swift in Sources */,
				D44B0A39245E285F0069A8B4 /* InicioViewController.swift in Sources */,
				D44E41F624CDDA700037D408 /* ServiceCurso.swift in Sources */,
				D41869BD24D5CB35006EBF78 /* SimulacionEstadisticasViewController.swift in Sources */,
				D44E41F424CDCED60037D408 /* ServicePracticante.swift in Sources */,
				D47530BB249E76EE008CDCB4 /* AprendizajeEstadisticasViewController.swift in Sources */,
				D44CAB6124C396E5006D00FF /* CrearCursoViewController.swift in Sources */,
				D45267F2249E6F32005F7886 /* AprendizajePaso1ViewController.swift in Sources */,
				D47F17AE24A8E2B9002C02CA /* ServiceUser.swift in Sources */,
				D4F2CD9824CCA6C900A2FA30 /* AprendizajePaso8ViewController.swift in Sources */,
				D44B0A2B245E21890069A8B4 /* RCP_Para_Todos.xcdatamodeld in Sources */,
				D44CAB6524C3A63C006D00FF /* VerPracticantesViewController.swift in Sources */,
				D44CAB6924C3A654006D00FF /* VerActividadViewController.swift in Sources */,
				D47F17B324A8F583002C02CA /* RegistrarNuevoUsuarioViewController.swift in Sources */,
				D41869BB24D5CAED006EBF78 /* SimulacionPaso3ViewController.swift in Sources */,
				D47530B1249E7676008CDCB4 /* AprendizajePaso2ViewController.swift in Sources */,
				D44B0A3B245E287D0069A8B4 /* LoginViewController.swift in Sources */,
				D44E9365248D72BD002608EA /* Instante.swift in Sources */,
				D44E9367248D7FB0002608EA /* EstadisticasViewController.swift in Sources */,
			);
			runOnlyForDeploymentPostprocessing = 0;
		};
/* End PBXSourcesBuildPhase section */

/* Begin PBXVariantGroup section */
		D44B0A26245E21890069A8B4 /* Main.storyboard */ = {
			isa = PBXVariantGroup;
			children = (
				D44B0A27245E21890069A8B4 /* Base */,
			);
			name = Main.storyboard;
			sourceTree = "<group>";
		};
		D44B0A2E245E218A0069A8B4 /* LaunchScreen.storyboard */ = {
			isa = PBXVariantGroup;
			children = (
				D44B0A2F245E218A0069A8B4 /* Base */,
			);
			name = LaunchScreen.storyboard;
			sourceTree = "<group>";
		};
		D44CAB5724C38A31006D00FF /* Tutor.storyboard */ = {
			isa = PBXVariantGroup;
			children = (
				D44CAB5824C38A31006D00FF /* Base */,
			);
			name = Tutor.storyboard;
			sourceTree = "<group>";
		};
		D44CAB5A24C38A49006D00FF /* Practicante.storyboard */ = {
			isa = PBXVariantGroup;
			children = (
				D44CAB5B24C38A49006D00FF /* Base */,
			);
			name = Practicante.storyboard;
			sourceTree = "<group>";
		};
		D45267E4249E6902005F7886 /* Aprendizaje.storyboard */ = {
			isa = PBXVariantGroup;
			children = (
				D45267E5249E6902005F7886 /* Base */,
			);
			name = Aprendizaje.storyboard;
			sourceTree = "<group>";
		};
		D45267EA249E6965005F7886 /* Simulacion.storyboard */ = {
			isa = PBXVariantGroup;
			children = (
				D45267EB249E6965005F7886 /* Base */,
			);
			name = Simulacion.storyboard;
			sourceTree = "<group>";
		};
		D45267ED249E699C005F7886 /* Juego.storyboard */ = {
			isa = PBXVariantGroup;
			children = (
				D45267EE249E699C005F7886 /* Base */,
			);
			name = Juego.storyboard;
			sourceTree = "<group>";
		};
/* End PBXVariantGroup section */

/* Begin XCBuildConfiguration section */
		D44B0A32245E218A0069A8B4 /* Debug */ = {
			isa = XCBuildConfiguration;
			buildSettings = {
				ALWAYS_SEARCH_USER_PATHS = NO;
				CLANG_ANALYZER_NONNULL = YES;
				CLANG_ANALYZER_NUMBER_OBJECT_CONVERSION = YES_AGGRESSIVE;
				CLANG_CXX_LANGUAGE_STANDARD = "gnu++14";
				CLANG_CXX_LIBRARY = "libc++";
				CLANG_ENABLE_MODULES = YES;
				CLANG_ENABLE_OBJC_ARC = YES;
				CLANG_ENABLE_OBJC_WEAK = YES;
				CLANG_WARN_BLOCK_CAPTURE_AUTORELEASING = YES;
				CLANG_WARN_BOOL_CONVERSION = YES;
				CLANG_WARN_COMMA = YES;
				CLANG_WARN_CONSTANT_CONVERSION = YES;
				CLANG_WARN_DEPRECATED_OBJC_IMPLEMENTATIONS = YES;
				CLANG_WARN_DIRECT_OBJC_ISA_USAGE = YES_ERROR;
				CLANG_WARN_DOCUMENTATION_COMMENTS = YES;
				CLANG_WARN_EMPTY_BODY = YES;
				CLANG_WARN_ENUM_CONVERSION = YES;
				CLANG_WARN_INFINITE_RECURSION = YES;
				CLANG_WARN_INT_CONVERSION = YES;
				CLANG_WARN_NON_LITERAL_NULL_CONVERSION = YES;
				CLANG_WARN_OBJC_IMPLICIT_RETAIN_SELF = YES;
				CLANG_WARN_OBJC_LITERAL_CONVERSION = YES;
				CLANG_WARN_OBJC_ROOT_CLASS = YES_ERROR;
				CLANG_WARN_RANGE_LOOP_ANALYSIS = YES;
				CLANG_WARN_STRICT_PROTOTYPES = YES;
				CLANG_WARN_SUSPICIOUS_MOVE = YES;
				CLANG_WARN_UNGUARDED_AVAILABILITY = YES_AGGRESSIVE;
				CLANG_WARN_UNREACHABLE_CODE = YES;
				CLANG_WARN__DUPLICATE_METHOD_MATCH = YES;
				COPY_PHASE_STRIP = NO;
				DEBUG_INFORMATION_FORMAT = dwarf;
				ENABLE_STRICT_OBJC_MSGSEND = YES;
				ENABLE_TESTABILITY = YES;
				GCC_C_LANGUAGE_STANDARD = gnu11;
				GCC_DYNAMIC_NO_PIC = NO;
				GCC_NO_COMMON_BLOCKS = YES;
				GCC_OPTIMIZATION_LEVEL = 0;
				GCC_PREPROCESSOR_DEFINITIONS = (
					"DEBUG=1",
					"$(inherited)",
				);
				GCC_WARN_64_TO_32_BIT_CONVERSION = YES;
				GCC_WARN_ABOUT_RETURN_TYPE = YES_ERROR;
				GCC_WARN_UNDECLARED_SELECTOR = YES;
				GCC_WARN_UNINITIALIZED_AUTOS = YES_AGGRESSIVE;
				GCC_WARN_UNUSED_FUNCTION = YES;
				GCC_WARN_UNUSED_VARIABLE = YES;
				IPHONEOS_DEPLOYMENT_TARGET = 13.4;
				MTL_ENABLE_DEBUG_INFO = INCLUDE_SOURCE;
				MTL_FAST_MATH = YES;
				ONLY_ACTIVE_ARCH = YES;
				SDKROOT = iphoneos;
				SWIFT_ACTIVE_COMPILATION_CONDITIONS = DEBUG;
				SWIFT_OPTIMIZATION_LEVEL = "-Onone";
			};
			name = Debug;
		};
		D44B0A33245E218A0069A8B4 /* Release */ = {
			isa = XCBuildConfiguration;
			buildSettings = {
				ALWAYS_SEARCH_USER_PATHS = NO;
				CLANG_ANALYZER_NONNULL = YES;
				CLANG_ANALYZER_NUMBER_OBJECT_CONVERSION = YES_AGGRESSIVE;
				CLANG_CXX_LANGUAGE_STANDARD = "gnu++14";
				CLANG_CXX_LIBRARY = "libc++";
				CLANG_ENABLE_MODULES = YES;
				CLANG_ENABLE_OBJC_ARC = YES;
				CLANG_ENABLE_OBJC_WEAK = YES;
				CLANG_WARN_BLOCK_CAPTURE_AUTORELEASING = YES;
				CLANG_WARN_BOOL_CONVERSION = YES;
				CLANG_WARN_COMMA = YES;
				CLANG_WARN_CONSTANT_CONVERSION = YES;
				CLANG_WARN_DEPRECATED_OBJC_IMPLEMENTATIONS = YES;
				CLANG_WARN_DIRECT_OBJC_ISA_USAGE = YES_ERROR;
				CLANG_WARN_DOCUMENTATION_COMMENTS = YES;
				CLANG_WARN_EMPTY_BODY = YES;
				CLANG_WARN_ENUM_CONVERSION = YES;
				CLANG_WARN_INFINITE_RECURSION = YES;
				CLANG_WARN_INT_CONVERSION = YES;
				CLANG_WARN_NON_LITERAL_NULL_CONVERSION = YES;
				CLANG_WARN_OBJC_IMPLICIT_RETAIN_SELF = YES;
				CLANG_WARN_OBJC_LITERAL_CONVERSION = YES;
				CLANG_WARN_OBJC_ROOT_CLASS = YES_ERROR;
				CLANG_WARN_RANGE_LOOP_ANALYSIS = YES;
				CLANG_WARN_STRICT_PROTOTYPES = YES;
				CLANG_WARN_SUSPICIOUS_MOVE = YES;
				CLANG_WARN_UNGUARDED_AVAILABILITY = YES_AGGRESSIVE;
				CLANG_WARN_UNREACHABLE_CODE = YES;
				CLANG_WARN__DUPLICATE_METHOD_MATCH = YES;
				COPY_PHASE_STRIP = NO;
				DEBUG_INFORMATION_FORMAT = "dwarf-with-dsym";
				ENABLE_NS_ASSERTIONS = NO;
				ENABLE_STRICT_OBJC_MSGSEND = YES;
				GCC_C_LANGUAGE_STANDARD = gnu11;
				GCC_NO_COMMON_BLOCKS = YES;
				GCC_WARN_64_TO_32_BIT_CONVERSION = YES;
				GCC_WARN_ABOUT_RETURN_TYPE = YES_ERROR;
				GCC_WARN_UNDECLARED_SELECTOR = YES;
				GCC_WARN_UNINITIALIZED_AUTOS = YES_AGGRESSIVE;
				GCC_WARN_UNUSED_FUNCTION = YES;
				GCC_WARN_UNUSED_VARIABLE = YES;
				IPHONEOS_DEPLOYMENT_TARGET = 13.4;
				MTL_ENABLE_DEBUG_INFO = NO;
				MTL_FAST_MATH = YES;
				SDKROOT = iphoneos;
				SWIFT_COMPILATION_MODE = wholemodule;
				SWIFT_OPTIMIZATION_LEVEL = "-O";
				VALIDATE_PRODUCT = YES;
			};
			name = Release;
		};
		D44B0A35245E218A0069A8B4 /* Debug */ = {
			isa = XCBuildConfiguration;
			baseConfigurationReference = 260BCCEE3A0B2B35CEC67527 /* Pods-RCP Para Todos.debug.xcconfig */;
			buildSettings = {
				ASSETCATALOG_COMPILER_APPICON_NAME = AppIcon;
				CODE_SIGN_IDENTITY = "Apple Development";
				CODE_SIGN_STYLE = Automatic;
				DEVELOPMENT_TEAM = YW68965SJP;
				INFOPLIST_FILE = "RCP Para Todos/Info.plist";
				LD_RUNPATH_SEARCH_PATHS = (
					"$(inherited)",
					"@executable_path/Frameworks",
				);
				PRODUCT_BUNDLE_IDENTIFIER = "Reflejo.RCP-Para-Todos";
				PRODUCT_NAME = "$(TARGET_NAME)";
				PROVISIONING_PROFILE_SPECIFIER = "";
				SWIFT_VERSION = 5.0;
				TARGETED_DEVICE_FAMILY = "1,2";
			};
			name = Debug;
		};
		D44B0A36245E218A0069A8B4 /* Release */ = {
			isa = XCBuildConfiguration;
			baseConfigurationReference = 0084A971782053A09D6B85FA /* Pods-RCP Para Todos.release.xcconfig */;
			buildSettings = {
				ASSETCATALOG_COMPILER_APPICON_NAME = AppIcon;
				CODE_SIGN_IDENTITY = "Apple Development";
				CODE_SIGN_STYLE = Automatic;
				DEVELOPMENT_TEAM = YW68965SJP;
				INFOPLIST_FILE = "RCP Para Todos/Info.plist";
				LD_RUNPATH_SEARCH_PATHS = (
					"$(inherited)",
					"@executable_path/Frameworks",
				);
				PRODUCT_BUNDLE_IDENTIFIER = "Reflejo.RCP-Para-Todos";
				PRODUCT_NAME = "$(TARGET_NAME)";
				PROVISIONING_PROFILE_SPECIFIER = "";
				SWIFT_VERSION = 5.0;
				TARGETED_DEVICE_FAMILY = "1,2";
			};
			name = Release;
		};
/* End XCBuildConfiguration section */

/* Begin XCConfigurationList section */
		D44B0A18245E21890069A8B4 /* Build configuration list for PBXProject "RCP Para Todos" */ = {
			isa = XCConfigurationList;
			buildConfigurations = (
				D44B0A32245E218A0069A8B4 /* Debug */,
				D44B0A33245E218A0069A8B4 /* Release */,
			);
			defaultConfigurationIsVisible = 0;
			defaultConfigurationName = Release;
		};
		D44B0A34245E218A0069A8B4 /* Build configuration list for PBXNativeTarget "RCP Para Todos" */ = {
			isa = XCConfigurationList;
			buildConfigurations = (
				D44B0A35245E218A0069A8B4 /* Debug */,
				D44B0A36245E218A0069A8B4 /* Release */,
			);
			defaultConfigurationIsVisible = 0;
			defaultConfigurationName = Release;
		};
/* End XCConfigurationList section */

/* Begin XCRemoteSwiftPackageReference section */
		D451034B24C516090080EE67 /* XCRemoteSwiftPackageReference "UICircularProgressRing" */ = {
			isa = XCRemoteSwiftPackageReference;
			repositoryURL = "https://github.com/luispadron/UICircularProgressRing.git";
			requirement = {
				branch = master;
				kind = branch;
			};
		};
/* End XCRemoteSwiftPackageReference section */

/* Begin XCVersionGroup section */
		D44B0A29245E21890069A8B4 /* RCP_Para_Todos.xcdatamodeld */ = {
			isa = XCVersionGroup;
			children = (
				D44B0A2A245E21890069A8B4 /* RCP_Para_Todos.xcdatamodel */,
			);
			currentVersion = D44B0A2A245E21890069A8B4 /* RCP_Para_Todos.xcdatamodel */;
			path = RCP_Para_Todos.xcdatamodeld;
			sourceTree = "<group>";
			versionGroupType = wrapper.xcdatamodel;
		};
/* End XCVersionGroup section */
	};
	rootObject = D44B0A15245E21890069A8B4 /* Project object */;
}
